# This file is automatically @generated by Poetry 1.5.1 and should not be changed by hand.

[[package]]
name = "tinytag"
version = "1.9.0"
description = "Read music meta data and length of MP3, OGG, OPUS, MP4, M4A, FLAC, WMA and Wave files"
optional = false
python-versions = ">=2.7"
files = [
    {file = "tinytag-1.9.0.tar.gz", hash = "sha256:f8d71110e1e680a33d99202e00a5a698481d25d20173b81ba3e863423979e014"},
]

[package.extras]
tests = ["flake8", "pytest", "pytest-cov"]

[metadata]
lock-version = "2.0"
python-versions = "^3.8"
content-hash = "c45c0dc86a781e1a8199d2f4906384f1852997b50807b43299d08af6df2d5d8b"
